
Microsoft Visual Studio Solution File, Format Version 12.00
# Visual Studio Version 17
VisualStudioVersion = 17.10.34928.147
MinimumVisualStudioVersion = 10.0.40219.1
Project("{2150E333-8FDC-42A3-9474-1A3956D46DE8}") = "ApiGateway", "ApiGateway", "{ACE277D5-388E-4B48-B9BD-B80C984D14F5}"
EndProject
Project("{2150E333-8FDC-42A3-9474-1A3956D46DE8}") = "CoreApp", "CoreApp", "{5675C557-224B-4300-BB79-C82091F18FDF}"
EndProject
Project("{2150E333-8FDC-42A3-9474-1A3956D46DE8}") = "src", "src", "{CAFBEB96-5829-4C80-869C-5352AB8F8902}"
EndProject
Project("{2150E333-8FDC-42A3-9474-1A3956D46DE8}") = "src", "src", "{B2797C8D-C608-4EC8-8A59-9FED0E69B65E}"
EndProject
Project("{9A19103F-16F7-4668-BE54-9A1E7A4F7556}") = "Autolux.ApiGateway.Api", "ApiGateway\src\Autolux.ApiGateway.Api\Autolux.ApiGateway.Api.csproj", "{6C2BAF99-6A7E-4D7D-B477-5F00C43874FD}"
EndProject
Project("{9A19103F-16F7-4668-BE54-9A1E7A4F7556}") = "Autolux.CoreApp.Api", "CoreApp\src\Autolux.CoreApp.Api\Autolux.CoreApp.Api.csproj", "{FE36939B-BFF7-4B5F-900F-7AA55664A639}"
EndProject
Project("{9A19103F-16F7-4668-BE54-9A1E7A4F7556}") = "Autolux.CoreApp.Domain", "CoreApp\src\Autolux.CoreApp.Domain\Autolux.CoreApp.Domain.csproj", "{DFF25C5B-4C7C-40A4-99BE-B0A698600726}"
EndProject
Project("{9A19103F-16F7-4668-BE54-9A1E7A4F7556}") = "Autolux.CoreApp.Infrastructure", "CoreApp\src\Autolux.CoreApp.Infrastructure\Autolux.CoreApp.Infrastructure.csproj", "{6F362B1A-B86A-4850-AF5D-CD172670ED98}"
EndProject
Project("{9A19103F-16F7-4668-BE54-9A1E7A4F7556}") = "Autolux.CoreApp.Models", "CoreApp\src\Autolux.CoreApp.Models\Autolux.CoreApp.Models.csproj", "{59C020CB-9524-46F8-8845-1055E568F66E}"
EndProject
Project("{2150E333-8FDC-42A3-9474-1A3956D46DE8}") = "Identity", "Identity", "{02EA681E-C7D8-13C7-8484-4AC65E1B71E8}"
EndProject
Project("{2150E333-8FDC-42A3-9474-1A3956D46DE8}") = "src", "src", "{2B4EDE25-43CE-465E-9B05-D9998250E4C5}"
EndProject
Project("{FAE04EC0-301F-11D3-BF4B-00C04F79EFBC}") = "Autolux.Identity.Domain", "Identity\src\Autolux.Identity.Domain\Autolux.Identity.Domain.csproj", "{B051789A-398A-45B6-8D96-D66B2B2ED3A9}"
EndProject
Project("{2150E333-8FDC-42A3-9474-1A3956D46DE8}") = "Common", "Common", "{A2A84EB4-7B57-4F9E-84EC-EEC44AB7DD60}"
EndProject
Project("{2150E333-8FDC-42A3-9474-1A3956D46DE8}") = "src", "src", "{34E015E5-38D4-4E02-B5C6-8D0E93AA195F}"
EndProject
Project("{FAE04EC0-301F-11D3-BF4B-00C04F79EFBC}") = "Autolux.SharedKernel", "Common\src\Autolux.SharedKernel\Autolux.SharedKernel.csproj", "{B9082195-721A-43B0-8168-793F14EB43EF}"
EndProject
Project("{FAE04EC0-301F-11D3-BF4B-00C04F79EFBC}") = "Autolux.Identity.Infrastructure", "Identity\src\Autolux.Identity.Infrastructure\Autolux.Identity.Infrastructure.csproj", "{7EBCEA71-E730-488C-9EDF-D124D6A8C80F}"
EndProject
Project("{FAE04EC0-301F-11D3-BF4B-00C04F79EFBC}") = "Autolux.Identity.Api", "Identity\src\Autolux.Identity.Api\Autolux.Identity.Api.csproj", "{6EF4A7A9-B80D-D0FE-EEE8-BB71F0F0D5D5}"
EndProject
Global
	GlobalSection(SolutionConfigurationPlatforms) = preSolution
		Debug|Any CPU = Debug|Any CPU
		Release|Any CPU = Release|Any CPU
	EndGlobalSection
	GlobalSection(ProjectConfigurationPlatforms) = postSolution
		{6C2BAF99-6A7E-4D7D-B477-5F00C43874FD}.Debug|Any CPU.ActiveCfg = Debug|Any CPU
		{6C2BAF99-6A7E-4D7D-B477-5F00C43874FD}.Debug|Any CPU.Build.0 = Debug|Any CPU
		{6C2BAF99-6A7E-4D7D-B477-5F00C43874FD}.Release|Any CPU.ActiveCfg = Release|Any CPU
		{6C2BAF99-6A7E-4D7D-B477-5F00C43874FD}.Release|Any CPU.Build.0 = Release|Any CPU
		{FE36939B-BFF7-4B5F-900F-7AA55664A639}.Debug|Any CPU.ActiveCfg = Debug|Any CPU
		{FE36939B-BFF7-4B5F-900F-7AA55664A639}.Debug|Any CPU.Build.0 = Debug|Any CPU
		{FE36939B-BFF7-4B5F-900F-7AA55664A639}.Release|Any CPU.ActiveCfg = Release|Any CPU
		{FE36939B-BFF7-4B5F-900F-7AA55664A639}.Release|Any CPU.Build.0 = Release|Any CPU
		{DFF25C5B-4C7C-40A4-99BE-B0A698600726}.Debug|Any CPU.ActiveCfg = Debug|Any CPU
		{DFF25C5B-4C7C-40A4-99BE-B0A698600726}.Debug|Any CPU.Build.0 = Debug|Any CPU
		{DFF25C5B-4C7C-40A4-99BE-B0A698600726}.Release|Any CPU.ActiveCfg = Release|Any CPU
		{DFF25C5B-4C7C-40A4-99BE-B0A698600726}.Release|Any CPU.Build.0 = Release|Any CPU
		{6F362B1A-B86A-4850-AF5D-CD172670ED98}.Debug|Any CPU.ActiveCfg = Debug|Any CPU
		{6F362B1A-B86A-4850-AF5D-CD172670ED98}.Debug|Any CPU.Build.0 = Debug|Any CPU
		{6F362B1A-B86A-4850-AF5D-CD172670ED98}.Release|Any CPU.ActiveCfg = Release|Any CPU
		{6F362B1A-B86A-4850-AF5D-CD172670ED98}.Release|Any CPU.Build.0 = Release|Any CPU
		{59C020CB-9524-46F8-8845-1055E568F66E}.Debug|Any CPU.ActiveCfg = Debug|Any CPU
		{59C020CB-9524-46F8-8845-1055E568F66E}.Debug|Any CPU.Build.0 = Debug|Any CPU
		{59C020CB-9524-46F8-8845-1055E568F66E}.Release|Any CPU.ActiveCfg = Release|Any CPU
		{59C020CB-9524-46F8-8845-1055E568F66E}.Release|Any CPU.Build.0 = Release|Any CPU
		{B051789A-398A-45B6-8D96-D66B2B2ED3A9}.Debug|Any CPU.ActiveCfg = Debug|Any CPU
		{B051789A-398A-45B6-8D96-D66B2B2ED3A9}.Debug|Any CPU.Build.0 = Debug|Any CPU
		{B051789A-398A-45B6-8D96-D66B2B2ED3A9}.Release|Any CPU.ActiveCfg = Release|Any CPU
		{B051789A-398A-45B6-8D96-D66B2B2ED3A9}.Release|Any CPU.Build.0 = Release|Any CPU
		{B9082195-721A-43B0-8168-793F14EB43EF}.Debug|Any CPU.ActiveCfg = Debug|Any CPU
		{B9082195-721A-43B0-8168-793F14EB43EF}.Debug|Any CPU.Build.0 = Debug|Any CPU
		{B9082195-721A-43B0-8168-793F14EB43EF}.Release|Any CPU.ActiveCfg = Release|Any CPU
		{B9082195-721A-43B0-8168-793F14EB43EF}.Release|Any CPU.Build.0 = Release|Any CPU
		{7EBCEA71-E730-488C-9EDF-D124D6A8C80F}.Debug|Any CPU.ActiveCfg = Debug|Any CPU
		{7EBCEA71-E730-488C-9EDF-D124D6A8C80F}.Debug|Any CPU.Build.0 = Debug|Any CPU
		{7EBCEA71-E730-488C-9EDF-D124D6A8C80F}.Release|Any CPU.ActiveCfg = Release|Any CPU
		{7EBCEA71-E730-488C-9EDF-D124D6A8C80F}.Release|Any CPU.Build.0 = Release|Any CPU
		{6EF4A7A9-B80D-D0FE-EEE8-BB71F0F0D5D5}.Debug|Any CPU.ActiveCfg = Debug|Any CPU
		{6EF4A7A9-B80D-D0FE-EEE8-BB71F0F0D5D5}.Debug|Any CPU.Build.0 = Debug|Any CPU
		{6EF4A7A9-B80D-D0FE-EEE8-BB71F0F0D5D5}.Release|Any CPU.ActiveCfg = Release|Any CPU
		{6EF4A7A9-B80D-D0FE-EEE8-BB71F0F0D5D5}.Release|Any CPU.Build.0 = Release|Any CPU
	EndGlobalSection
	GlobalSection(SolutionProperties) = preSolution
		HideSolutionNode = FALSE
	EndGlobalSection
	GlobalSection(NestedProjects) = preSolution
		{CAFBEB96-5829-4C80-869C-5352AB8F8902} = {ACE277D5-388E-4B48-B9BD-B80C984D14F5}
		{B2797C8D-C608-4EC8-8A59-9FED0E69B65E} = {5675C557-224B-4300-BB79-C82091F18FDF}
		{6C2BAF99-6A7E-4D7D-B477-5F00C43874FD} = {CAFBEB96-5829-4C80-869C-5352AB8F8902}
		{FE36939B-BFF7-4B5F-900F-7AA55664A639} = {B2797C8D-C608-4EC8-8A59-9FED0E69B65E}
		{DFF25C5B-4C7C-40A4-99BE-B0A698600726} = {B2797C8D-C608-4EC8-8A59-9FED0E69B65E}
		{6F362B1A-B86A-4850-AF5D-CD172670ED98} = {B2797C8D-C608-4EC8-8A59-9FED0E69B65E}
		{59C020CB-9524-46F8-8845-1055E568F66E} = {B2797C8D-C608-4EC8-8A59-9FED0E69B65E}
		{2B4EDE25-43CE-465E-9B05-D9998250E4C5} = {02EA681E-C7D8-13C7-8484-4AC65E1B71E8}
		{B051789A-398A-45B6-8D96-D66B2B2ED3A9} = {2B4EDE25-43CE-465E-9B05-D9998250E4C5}
		{34E015E5-38D4-4E02-B5C6-8D0E93AA195F} = {A2A84EB4-7B57-4F9E-84EC-EEC44AB7DD60}
		{B9082195-721A-43B0-8168-793F14EB43EF} = {34E015E5-38D4-4E02-B5C6-8D0E93AA195F}
		{7EBCEA71-E730-488C-9EDF-D124D6A8C80F} = {2B4EDE25-43CE-465E-9B05-D9998250E4C5}
		{6EF4A7A9-B80D-D0FE-EEE8-BB71F0F0D5D5} = {2B4EDE25-43CE-465E-9B05-D9998250E4C5}
	EndGlobalSection
	GlobalSection(ExtensibilityGlobals) = postSolution
		SolutionGuid = {08F455BA-14A9-4C24-8589-C04E1DA1B1A1}
	EndGlobalSection
EndGlobal
